
Microsoft Visual Studio Solution File, Format Version 12.00
# Visual Studio Version 16
VisualStudioVersion = 16.0.30907.101
MinimumVisualStudioVersion = 10.0.40219.1
Project("{FAE04EC0-301F-11D3-BF4B-00C04F79EFBC}") = "TrabajosExpresClient", "TrabajosExpres\TrabajosExpresClient.csproj", "{BB25366C-A9D7-46A5-8FA3-8DB27761FF9A}"
EndProject
Global
	GlobalSection(SolutionConfigurationPlatforms) = preSolution
		Debug|Any CPU = Debug|Any CPU
		Release|Any CPU = Release|Any CPU
	EndGlobalSection
	GlobalSection(ProjectConfigurationPlatforms) = postSolution
		{BB25366C-A9D7-46A5-8FA3-8DB27761FF9A}.Debug|Any CPU.ActiveCfg = Debug|Any CPU
		{BB25366C-A9D7-46A5-8FA3-8DB27761FF9A}.Debug|Any CPU.Build.0 = Debug|Any CPU
		{BB25366C-A9D7-46A5-8FA3-8DB27761FF9A}.Release|Any CPU.ActiveCfg = Release|Any CPU
		{BB25366C-A9D7-46A5-8FA3-8DB27761FF9A}.Release|Any CPU.Build.0 = Release|Any CPU
	EndGlobalSection
	GlobalSection(SolutionProperties) = preSolution
		HideSolutionNode = FALSE
	EndGlobalSection
	GlobalSection(ExtensibilityGlobals) = postSolution
		SolutionGuid = {7A09626A-98FC-4EE1-8CA1-66F848A765CD}
	EndGlobalSection
EndGlobal
